{
	"name": "@exo/frontend-features-speechly-search-api",
	"version": "1.0.0",
	"lockfileVersion": 2,
	"requires": true,
	"packages": {
		"": {
			"name": "@exo/frontend-features-speechly-search-api",
			"version": "1.0.0",
			"license": "Licensed Materials - Property of IBM. 694906H. (c) Copyright IBM Corp. 2020 All Rights Reserved. US Government Users Restricted Rights - Use, duplication or disclosure restricted by GSA ADP Schedule Contract with IBM Corp.",
			"dependencies": {
				"@speechly/react-client": "^2.1.2"
			}
		},
		"node_modules/@speechly/browser-client": {
			"version": "2.4.2",
			"resolved": "https://registry.npmjs.org/@speechly/browser-client/-/browser-client-2.4.2.tgz",
			"integrity": "sha512-PkqKJqfhBRK8wWansY1t3aiC16ZpOMyYVeBBmPha3Pbt0fsfGSiz0yLkMIMYzdRQ/f2vsJJvWVny63GtechQXA==",
			"dependencies": {
				"base-64": "^0.1.0",
				"uuid": "^8.0.0"
			}
		},
		"node_modules/@speechly/react-client": {
			"version": "2.1.2",
			"resolved": "https://registry.npmjs.org/@speechly/react-client/-/react-client-2.1.2.tgz",
			"integrity": "sha512-36jOz3L1L+3Xi/ly5eOzq8pXO0deRDBurmQJU35GyIPxNYuQhmL4YeUATQ5u4BNifzeFGIopV0KNH7TssPqt0w==",
			"dependencies": {
				"@speechly/browser-client": "^2.4.1"
			},
			"peerDependencies": {
				"react": ">=16.9.0"
			}
		},
		"node_modules/base-64": {
			"version": "0.1.0",
			"resolved": "https://registry.npmjs.org/base-64/-/base-64-0.1.0.tgz",
			"integrity": "sha512-Y5gU45svrR5tI2Vt/X9GPd3L0HNIKzGu202EjxrXMpuc2V2CiKgemAbUUsqYmZJvPtCXoUKjNZwBJzsNScUbXA=="
		},
		"node_modules/uuid": {
			"version": "8.3.2",
			"resolved": "https://registry.npmjs.org/uuid/-/uuid-8.3.2.tgz",
			"integrity": "sha512-+NYs2QeMWy+GWFOEm9xnn6HCDp0l7QBD7ml8zLUmJ+93Q5NF0NocErnwkTkXVFNiX3/fpC6afS8Dhb/gz7R7eg==",
			"bin": {
				"uuid": "dist/bin/uuid"
			}
		}
	},
	"dependencies": {
		"@speechly/browser-client": {
			"version": "2.4.2",
			"resolved": "https://registry.npmjs.org/@speechly/browser-client/-/browser-client-2.4.2.tgz",
			"integrity": "sha512-PkqKJqfhBRK8wWansY1t3aiC16ZpOMyYVeBBmPha3Pbt0fsfGSiz0yLkMIMYzdRQ/f2vsJJvWVny63GtechQXA==",
			"requires": {
				"base-64": "^0.1.0",
				"uuid": "^8.0.0"
			}
		},
		"@speechly/react-client": {
			"version": "2.1.2",
			"resolved": "https://registry.npmjs.org/@speechly/react-client/-/react-client-2.1.2.tgz",
			"integrity": "sha512-36jOz3L1L+3Xi/ly5eOzq8pXO0deRDBurmQJU35GyIPxNYuQhmL4YeUATQ5u4BNifzeFGIopV0KNH7TssPqt0w==",
			"requires": {
				"@speechly/browser-client": "^2.4.1"
			}
		},
		"base-64": {
			"version": "0.1.0",
			"resolved": "https://registry.npmjs.org/base-64/-/base-64-0.1.0.tgz",
			"integrity": "sha512-Y5gU45svrR5tI2Vt/X9GPd3L0HNIKzGu202EjxrXMpuc2V2CiKgemAbUUsqYmZJvPtCXoUKjNZwBJzsNScUbXA=="
		},
		"uuid": {
			"version": "8.3.2",
			"resolved": "https://registry.npmjs.org/uuid/-/uuid-8.3.2.tgz",
			"integrity": "sha512-+NYs2QeMWy+GWFOEm9xnn6HCDp0l7QBD7ml8zLUmJ+93Q5NF0NocErnwkTkXVFNiX3/fpC6afS8Dhb/gz7R7eg=="
		}
	}
}
