{
	"name": "@exo/frontend-features-utilities-homepage-ui",
	"version": "1.0.0",
	"lockfileVersion": 2,
	"requires": true,
	"packages": {
		"": {
			"name": "@exo/frontend-features-utilities-homepage-ui",
			"version": "1.0.0",
			"license": "Licensed Materials - Property of IBM. 694906H. (c) Copyright IBM Corp. 2020 All Rights Reserved. US Government Users Restricted Rights - Use, duplication or disclosure restricted by GSA ADP Schedule Contract with IBM Corp.",
			"dependencies": {
				"@carbon/icons-react": "^11.5.0"
			}
		},
		"../../../common/apollo": {
			"name": "@exo/frontend-common-apollo",
			"version": "1.0.0",
			"extraneous": true,
			"license": "Licensed Materials - Property of IBM. 694906H. (c) Copyright IBM Corp. 2020 All Rights Reserved. US Government Users Restricted Rights - Use, duplication or disclosure restricted by GSA ADP Schedule Contract with IBM Corp.",
			"dependencies": {
				"@exo/frontend-common-session-context": "^1.0.0"
			},
			"devDependencies": {
				"@exo/frontend-common-root-exec": "^1.0.0"
			}
		},
		"../../../common/app-shell": {
			"name": "@exo/frontend-common-app-shell",
			"version": "1.0.0",
			"extraneous": true,
			"license": "Licensed Materials - Property of IBM. 694906H. (c) Copyright IBM Corp. 2020 All Rights Reserved. US Government Users Restricted Rights - Use, duplication or disclosure restricted by GSA ADP Schedule Contract with IBM Corp.",
			"dependencies": {
				"@exo/frontend-common-notification": "^1.0.0",
				"@exo/frontend-common-session-context": "^1.0.0",
				"@exo/frontend-components-base": "^1.0.0"
			},
			"devDependencies": {
				"@exo/frontend-common-root-exec": "^1.0.0"
			}
		},
		"../../../common/hooks": {
			"name": "@exo/frontend-common-hooks",
			"version": "1.0.0",
			"extraneous": true,
			"license": "Licensed Materials - Property of IBM. 694906H. (c) Copyright IBM Corp. 2020 All Rights Reserved. US Government Users Restricted Rights - Use, duplication or disclosure restricted by GSA ADP Schedule Contract with IBM Corp.",
			"devDependencies": {
				"@exo/frontend-common-root-exec": "^1.0.0"
			}
		},
		"../../../common/i18n": {
			"name": "@exo/frontend-common-i18n",
			"version": "1.0.0",
			"extraneous": true,
			"license": "Licensed Materials - Property of IBM. 694906H. (c) Copyright IBM Corp. 2020 All Rights Reserved. US Government Users Restricted Rights - Use, duplication or disclosure restricted by GSA ADP Schedule Contract with IBM Corp.",
			"dependencies": {
				"@exo/frontend-common-session-context": "^1.0.0"
			},
			"devDependencies": {
				"@exo/frontend-common-root-exec": "^1.0.0"
			}
		},
		"../../../common/link": {
			"name": "@exo/frontend-common-link",
			"version": "1.0.0",
			"extraneous": true,
			"license": "Licensed Materials - Property of IBM. 694906H. (c) Copyright IBM Corp. 2020 All Rights Reserved. US Government Users Restricted Rights - Use, duplication or disclosure restricted by GSA ADP Schedule Contract with IBM Corp.",
			"devDependencies": {
				"@exo/frontend-common-root-exec": "^1.0.0"
			}
		},
		"../../../common/notification": {
			"name": "@exo/frontend-common-notification",
			"version": "1.0.0",
			"extraneous": true,
			"license": "Licensed Materials - Property of IBM. 694906H. (c) Copyright IBM Corp. 2020 All Rights Reserved. US Government Users Restricted Rights - Use, duplication or disclosure restricted by GSA ADP Schedule Contract with IBM Corp.",
			"devDependencies": {
				"@exo/frontend-common-root-exec": "^1.0.0"
			}
		},
		"../../../common/provider": {
			"name": "@exo/frontend-common-provider",
			"version": "1.0.0",
			"extraneous": true,
			"license": "Licensed Materials - Property of IBM. 694906H. (c) Copyright IBM Corp. 2020 All Rights Reserved. US Government Users Restricted Rights - Use, duplication or disclosure restricted by GSA ADP Schedule Contract with IBM Corp.",
			"devDependencies": {}
		},
		"../../../common/root-exec": {
			"name": "@exo/frontend-common-root-exec",
			"version": "1.0.0",
			"extraneous": true,
			"license": "Licensed Materials - Property of IBM. 694906H. (c) Copyright IBM Corp. 2020 All Rights Reserved. US Government Users Restricted Rights - Use, duplication or disclosure restricted by GSA ADP Schedule Contract with IBM Corp.",
			"dependencies": {
				"cross-env": "^7.0.2"
			},
			"bin": {
				"root-exec": "cli.js"
			}
		},
		"../../../common/session-context": {
			"name": "@exo/frontend-common-session-context",
			"version": "1.0.0",
			"extraneous": true,
			"license": "Licensed Materials - Property of IBM. 694906H. (c) Copyright IBM Corp. 2020 All Rights Reserved. US Government Users Restricted Rights - Use, duplication or disclosure restricted by GSA ADP Schedule Contract with IBM Corp.",
			"dependencies": {
				"@exo/frontend-common-hooks": "^1.0.0"
			},
			"devDependencies": {
				"@exo/frontend-common-root-exec": "^1.0.0"
			}
		},
		"../../../common/storybook": {
			"name": "@exo/frontend-common-storybook",
			"version": "1.0.0",
			"extraneous": true,
			"license": "Licensed Materials - Property of IBM. 694906H. (c) Copyright IBM Corp. 2020 All Rights Reserved. US Government Users Restricted Rights - Use, duplication or disclosure restricted by GSA ADP Schedule Contract with IBM Corp.",
			"dependencies": {
				"@exo/frontend-common-apollo": "^1.0.0",
				"@exo/frontend-common-i18n": "^1.0.0",
				"@exo/frontend-common-notification": "^1.0.0"
			},
			"devDependencies": {
				"@exo/frontend-common-app-shell": "^1.0.0",
				"@exo/frontend-common-session-context": "^1.0.0"
			}
		},
		"../../../common/style-utils": {
			"name": "@exo/frontend-common-style-utils",
			"version": "1.0.0",
			"extraneous": true,
			"license": "Licensed Materials - Property of IBM. 694906H. (c) Copyright IBM Corp. 2020 All Rights Reserved. US Government Users Restricted Rights - Use, duplication or disclosure restricted by GSA ADP Schedule Contract with IBM Corp.",
			"dependencies": {
				"@exo/frontend-theme-base-theme": "^1.0.0"
			},
			"devDependencies": {
				"@exo/frontend-common-root-exec": "^1.0.0"
			}
		},
		"../../../common/theme-proxy": {
			"name": "@exo/frontend-common-theme-proxy",
			"version": "1.0.0",
			"extraneous": true,
			"license": "Licensed Materials - Property of IBM. 694906H. (c) Copyright IBM Corp. 2020 All Rights Reserved. US Government Users Restricted Rights - Use, duplication or disclosure restricted by GSA ADP Schedule Contract with IBM Corp.",
			"devDependencies": {
				"@exo/frontend-common-root-exec": "^1.0.0"
			}
		},
		"../../../common/utils": {
			"name": "@exo/frontend-common-utils",
			"version": "1.0.0",
			"extraneous": true,
			"license": "Licensed Materials - Property of IBM. 694906H. (c) Copyright IBM Corp. 2020 All Rights Reserved. US Government Users Restricted Rights - Use, duplication or disclosure restricted by GSA ADP Schedule Contract with IBM Corp.",
			"devDependencies": {
				"@exo/frontend-common-root-exec": "^1.0.0"
			}
		},
		"../../../components/automotive": {
			"name": "@exo/frontend-components-automotive",
			"version": "1.0.0",
			"extraneous": true,
			"license": "Licensed Materials - Property of IBM. 694906H. (c) Copyright IBM Corp. 2020 All Rights Reserved. US Government Users Restricted Rights - Use, duplication or disclosure restricted by GSA ADP Schedule Contract with IBM Corp.",
			"dependencies": {
				"@exo/frontend-common-hooks": "^1.0.0",
				"@exo/frontend-common-i18n": "^1.0.0",
				"@exo/frontend-common-style-utils": "^1.0.0",
				"@exo/frontend-common-utils": "^1.0.0",
				"@exo/frontend-components-base": "^1.0.0",
				"@exo/frontend-components-forms": "^1.0.0",
				"@exo/frontend-features-events-logic": "^1.0.0",
				"babel-plugin-module-resolver": "^4.0.0"
			},
			"devDependencies": {
				"@exo/frontend-common-link": "^1.0.0",
				"@exo/frontend-common-root-exec": "^1.0.0",
				"@exo/frontend-components-core": "^1.0.0",
				"babel-plugin-module-resolver": "^4.0.0"
			}
		},
		"../../../components/base": {
			"name": "@exo/frontend-components-base",
			"version": "1.0.0",
			"extraneous": true,
			"license": "Licensed Materials - Property of IBM. 694906H. (c) Copyright IBM Corp. 2020 All Rights Reserved. US Government Users Restricted Rights - Use, duplication or disclosure restricted by GSA ADP Schedule Contract with IBM Corp.",
			"dependencies": {
				"@exo/frontend-common-link": "^1.0.0",
				"@exo/frontend-common-style-utils": "^1.0.0"
			},
			"devDependencies": {
				"@exo/frontend-common-root-exec": "^1.0.0"
			}
		},
		"../../../components/commerce": {
			"name": "@exo/frontend-components-commerce",
			"version": "1.0.0",
			"extraneous": true,
			"license": "Licensed Materials - Property of IBM. 694906H. (c) Copyright IBM Corp. 2020 All Rights Reserved. US Government Users Restricted Rights - Use, duplication or disclosure restricted by GSA ADP Schedule Contract with IBM Corp.",
			"dependencies": {
				"@exo/frontend-common-i18n": "^1.0.0",
				"@exo/frontend-common-link": "^1.0.0",
				"@exo/frontend-common-style-utils": "^1.0.0",
				"@exo/frontend-common-utils": "^1.0.0",
				"@exo/frontend-components-base": "^1.0.0",
				"@exo/frontend-components-core": "^1.0.0",
				"@exo/frontend-components-forms": "^1.0.0",
				"babel-plugin-module-resolver": "^4.0.0"
			},
			"devDependencies": {
				"@exo/frontend-common-root-exec": "^1.0.0"
			}
		},
		"../../../components/content": {
			"name": "@exo/frontend-components-content",
			"version": "1.0.0",
			"extraneous": true,
			"license": "Licensed Materials - Property of IBM. 694906H. (c) Copyright IBM Corp. 2020 All Rights Reserved. US Government Users Restricted Rights - Use, duplication or disclosure restricted by GSA ADP Schedule Contract with IBM Corp.",
			"dependencies": {
				"@exo/frontend-common-hooks": "^1.0.0",
				"@exo/frontend-common-link": "^1.0.0",
				"@exo/frontend-common-style-utils": "^1.0.0",
				"@exo/frontend-components-base": "^1.0.0",
				"babel-plugin-module-resolver": "^4.0.0"
			},
			"devDependencies": {
				"@exo/frontend-common-root-exec": "^1.0.0"
			}
		},
		"../../../components/core": {
			"name": "@exo/frontend-components-core",
			"version": "1.0.0",
			"extraneous": true,
			"license": "Licensed Materials - Property of IBM. 694906H. (c) Copyright IBM Corp. 2020 All Rights Reserved. US Government Users Restricted Rights - Use, duplication or disclosure restricted by GSA ADP Schedule Contract with IBM Corp.",
			"dependencies": {
				"@exo/frontend-common-hooks": "^1.0.0",
				"@exo/frontend-common-i18n": "^1.0.0",
				"@exo/frontend-common-link": "^1.0.0",
				"@exo/frontend-common-style-utils": "^1.0.0",
				"@exo/frontend-components-base": "^1.0.0",
				"@exo/frontend-theme-base-theme": "^1.0.0",
				"babel-plugin-module-resolver": "^4.0.0"
			},
			"devDependencies": {
				"@exo/frontend-common-root-exec": "^1.0.0"
			}
		},
		"../../../components/forms": {
			"name": "@exo/frontend-components-forms",
			"version": "1.0.0",
			"extraneous": true,
			"license": "Licensed Materials - Property of IBM. 694906H. (c) Copyright IBM Corp. 2020 All Rights Reserved. US Government Users Restricted Rights - Use, duplication or disclosure restricted by GSA ADP Schedule Contract with IBM Corp.",
			"dependencies": {
				"@exo/frontend-common-hooks": "^1.0.0",
				"@exo/frontend-common-i18n": "^1.0.0",
				"@exo/frontend-common-style-utils": "^1.0.0",
				"@exo/frontend-components-base": "^1.0.0",
				"babel-plugin-module-resolver": "^4.0.0"
			},
			"devDependencies": {
				"@exo/frontend-common-root-exec": "^1.0.0"
			}
		},
		"../../../themes/base-theme": {
			"name": "@exo/frontend-theme-base-theme",
			"version": "1.0.0",
			"extraneous": true,
			"license": "Licensed Materials - Property of IBM. 694906H. (c) Copyright IBM Corp. 2020 All Rights Reserved. US Government Users Restricted Rights - Use, duplication or disclosure restricted by GSA ADP Schedule Contract with IBM Corp.",
			"devDependencies": {
				"@exo/frontend-common-root-exec": "^1.0.0"
			}
		},
		"../../account/account-profile-logic": {
			"name": "@exo/frontend-features-account-profile-logic",
			"version": "1.0.0",
			"extraneous": true,
			"license": "Licensed Materials - Property of IBM. 694906H. (c) Copyright IBM Corp. 2020 All Rights Reserved. US Government Users Restricted Rights - Use, duplication or disclosure restricted by GSA ADP Schedule Contract with IBM Corp.",
			"dependencies": {
				"@exo/frontend-common-apollo": "^1.0.0",
				"@exo/frontend-common-i18n": "^1.0.0",
				"@exo/frontend-common-session-context": "^1.0.0",
				"@exo/frontend-common-utils": "^1.0.0",
				"@exo/frontend-features-authentication-logic": "^1.0.0"
			},
			"devDependencies": {
				"@exo/frontend-common-root-exec": "^1.0.0"
			}
		},
		"../../authentication/authentication-logic": {
			"name": "@exo/frontend-features-authentication-logic",
			"version": "1.0.0",
			"extraneous": true,
			"license": "Licensed Materials - Property of IBM. 694906H. (c) Copyright IBM Corp. 2020 All Rights Reserved. US Government Users Restricted Rights - Use, duplication or disclosure restricted by GSA ADP Schedule Contract with IBM Corp.",
			"dependencies": {
				"@exo/frontend-common-session-context": "^1.0.0",
				"@exo/frontend-common-utils": "^1.0.0"
			},
			"devDependencies": {
				"@exo/frontend-common-root-exec": "^1.0.0"
			}
		},
		"../../automotive/automotive-cart-logic": {
			"name": "@exo/frontend-features-automotive-cart-automotive-logic",
			"version": "1.0.0",
			"extraneous": true,
			"license": "Licensed Materials - Property of IBM. 694906H. (c) Copyright IBM Corp. 2020 All Rights Reserved. US Government Users Restricted Rights - Use, duplication or disclosure restricted by GSA ADP Schedule Contract with IBM Corp.",
			"dependencies": {
				"@exo/frontend-common-apollo": "^1.0.0",
				"@exo/frontend-common-link": "^1.0.0",
				"@exo/frontend-common-session-context": "^1.0.0"
			},
			"devDependencies": {
				"@exo/frontend-common-root-exec": "^1.0.0",
				"@exo/frontend-common-storybook": "^1.0.0"
			}
		},
		"../../automotive/automotive-cart-ui": {
			"name": "@exo/frontend-features-automotive-cart-automotive-ui",
			"version": "1.0.0",
			"extraneous": true,
			"license": "Licensed Materials - Property of IBM. 694906H. (c) Copyright IBM Corp. 2020 All Rights Reserved. US Government Users Restricted Rights - Use, duplication or disclosure restricted by GSA ADP Schedule Contract with IBM Corp.",
			"dependencies": {
				"@exo/frontend-common-app-shell": "^1.0.0",
				"@exo/frontend-common-hooks": "^1.0.0",
				"@exo/frontend-common-i18n": "^1.0.0",
				"@exo/frontend-common-link": "^1.0.0",
				"@exo/frontend-common-notification": "^1.0.0",
				"@exo/frontend-common-session-context": "^1.0.0",
				"@exo/frontend-common-style-utils": "^1.0.0",
				"@exo/frontend-common-theme-proxy": "^1.0.0",
				"@exo/frontend-common-utils": "^1.0.0",
				"@exo/frontend-components-automotive": "^1.0.0",
				"@exo/frontend-components-base": "^1.0.0",
				"@exo/frontend-components-commerce": "^1.0.0",
				"@exo/frontend-components-content": "^1.0.0",
				"@exo/frontend-components-core": "^1.0.0",
				"@exo/frontend-components-forms": "^1.0.0",
				"@exo/frontend-features-account-profile-logic": "^1.0.0",
				"@exo/frontend-features-automotive-cart-automotive-logic": "^1.0.0",
				"@exo/frontend-features-automotive-configurator-logic": "^1.0.0",
				"@exo/frontend-features-chrome-logic": "^1.0.0",
				"@exo/frontend-features-chrome-ui": "^1.0.0"
			},
			"devDependencies": {
				"@exo/frontend-common-root-exec": "^1.0.0",
				"@exo/frontend-common-storybook": "^1.0.0"
			}
		},
		"../../automotive/automotive-configurator-logic": {
			"name": "@exo/frontend-features-automotive-configurator-logic",
			"version": "1.0.0",
			"extraneous": true,
			"license": "Licensed Materials - Property of IBM. 694906H. (c) Copyright IBM Corp. 2020 All Rights Reserved. US Government Users Restricted Rights - Use, duplication or disclosure restricted by GSA ADP Schedule Contract with IBM Corp.",
			"dependencies": {
				"@exo/frontend-common-notification": "^1.0.0",
				"@exo/frontend-common-session-context": "^1.0.0",
				"@exo/frontend-common-utils": "^1.0.0",
				"@exo/frontend-components-base": "^1.0.0",
				"@exo/frontend-features-automotive-cart-automotive-logic": "^1.0.0",
				"@exo/frontend-features-catalog-logic": "^1.0.0",
				"@exo/frontend-features-events-logic": "^1.0.0"
			},
			"devDependencies": {
				"@exo/frontend-common-root-exec": "^1.0.0"
			}
		},
		"../../cart/cart-logic": {
			"name": "@exo/frontend-features-cart-logic",
			"version": "1.0.0",
			"extraneous": true,
			"license": "Licensed Materials - Property of IBM. 694906H. (c) Copyright IBM Corp. 2020 All Rights Reserved. US Government Users Restricted Rights - Use, duplication or disclosure restricted by GSA ADP Schedule Contract with IBM Corp.",
			"dependencies": {
				"@exo/frontend-common-apollo": "^1.0.0",
				"@exo/frontend-common-i18n": "^1.0.0",
				"@exo/frontend-common-session-context": "^1.0.0",
				"@exo/frontend-common-utils": "^1.0.0",
				"@exo/frontend-features-account-profile-logic": "^1.0.0"
			},
			"devDependencies": {
				"@exo/frontend-common-root-exec": "^1.0.0"
			}
		},
		"../../catalog/catalog-logic": {
			"name": "@exo/frontend-features-catalog-logic",
			"version": "1.0.0",
			"extraneous": true,
			"license": "Licensed Materials - Property of IBM. 694906H. (c) Copyright IBM Corp. 2020 All Rights Reserved. US Government Users Restricted Rights - Use, duplication or disclosure restricted by GSA ADP Schedule Contract with IBM Corp.",
			"dependencies": {
				"@exo/frontend-common-apollo": "^1.0.0",
				"@exo/frontend-common-i18n": "^1.0.0",
				"@exo/frontend-common-session-context": "^1.0.0",
				"@exo/frontend-common-utils": "^1.0.0",
				"@exo/frontend-features-cart-logic": "^1.0.0",
				"@exo/frontend-features-wishlist-logic": "^1.0.0"
			},
			"devDependencies": {
				"@exo/frontend-common-root-exec": "^1.0.0"
			}
		},
		"../../chrome/chrome-logic": {
			"name": "@exo/frontend-features-chrome-logic",
			"version": "1.0.0",
			"extraneous": true,
			"license": "Licensed Materials - Property of IBM. 694906H. (c) Copyright IBM Corp. 2020 All Rights Reserved. US Government Users Restricted Rights - Use, duplication or disclosure restricted by GSA ADP Schedule Contract with IBM Corp.",
			"dependencies": {
				"@exo/frontend-common-i18n": "^1.0.0",
				"@exo/frontend-common-notification": "^1.0.0",
				"@exo/frontend-common-session-context": "^1.0.0",
				"@exo/frontend-common-utils": "^1.0.0"
			},
			"devDependencies": {
				"@exo/frontend-common-root-exec": "^1.0.0"
			}
		},
		"../../chrome/chrome-ui": {
			"name": "@exo/frontend-features-chrome-ui",
			"version": "1.0.0",
			"extraneous": true,
			"license": "Licensed Materials - Property of IBM. 694906H. (c) Copyright IBM Corp. 2020 All Rights Reserved. US Government Users Restricted Rights - Use, duplication or disclosure restricted by GSA ADP Schedule Contract with IBM Corp.",
			"dependencies": {
				"@exo/frontend-common-app-shell": "^1.0.0",
				"@exo/frontend-common-hooks": "^1.0.0",
				"@exo/frontend-common-i18n": "^1.0.0",
				"@exo/frontend-common-notification": "^1.0.0",
				"@exo/frontend-common-session-context": "^1.0.0",
				"@exo/frontend-common-style-utils": "^1.0.0",
				"@exo/frontend-components-base": "^1.0.0",
				"@exo/frontend-components-core": "^1.0.0",
				"@exo/frontend-components-forms": "^1.0.0",
				"@exo/frontend-features-chrome-logic": "^1.0.0",
				"@exo/frontend-features-locale-selector-ui": "^1.0.0"
			},
			"devDependencies": {
				"@exo/frontend-common-root-exec": "^1.0.0",
				"@exo/frontend-common-storybook": "^1.0.0"
			}
		},
		"../../chrome/locale-selector-logic": {
			"name": "@exo/frontend-features-locale-selector-logic",
			"version": "1.0.0",
			"extraneous": true,
			"license": "Licensed Materials - Property of IBM. 694906H. (c) Copyright IBM Corp. 2020 All Rights Reserved. US Government Users Restricted Rights - Use, duplication or disclosure restricted by GSA ADP Schedule Contract with IBM Corp.",
			"dependencies": {
				"@exo/frontend-common-app-shell": "^1.0.0",
				"@exo/frontend-common-i18n": "^1.0.0",
				"@exo/frontend-common-notification": "^1.0.0",
				"@exo/frontend-common-session-context": "^1.0.0",
				"@exo/frontend-common-style-utils": "^1.0.0",
				"@exo/frontend-common-utils": "^1.0.0",
				"@exo/frontend-components-base": "^1.0.0",
				"@exo/frontend-components-core": "^1.0.0",
				"@exo/frontend-components-forms": "^1.0.0",
				"@exo/frontend-features-chrome-logic": "^1.0.0"
			},
			"devDependencies": {
				"@exo/frontend-common-root-exec": "^1.0.0",
				"@exo/frontend-common-storybook": "^1.0.0"
			}
		},
		"../../chrome/locale-selector-ui": {
			"name": "@exo/frontend-features-locale-selector-ui",
			"version": "1.0.0",
			"extraneous": true,
			"license": "Licensed Materials - Property of IBM. 694906H. (c) Copyright IBM Corp. 2020 All Rights Reserved. US Government Users Restricted Rights - Use, duplication or disclosure restricted by GSA ADP Schedule Contract with IBM Corp.",
			"dependencies": {
				"@exo/frontend-common-app-shell": "^1.0.0",
				"@exo/frontend-common-i18n": "^1.0.0",
				"@exo/frontend-common-notification": "^1.0.0",
				"@exo/frontend-common-session-context": "^1.0.0",
				"@exo/frontend-common-style-utils": "^1.0.0",
				"@exo/frontend-common-utils": "^1.0.0",
				"@exo/frontend-components-base": "^1.0.0",
				"@exo/frontend-components-core": "^1.0.0",
				"@exo/frontend-components-forms": "^1.0.0",
				"@exo/frontend-features-chrome-logic": "^1.0.0",
				"@exo/frontend-features-locale-selector-logic": "^1.0.0"
			},
			"devDependencies": {
				"@exo/frontend-common-root-exec": "^1.0.0",
				"@exo/frontend-common-storybook": "^1.0.0"
			}
		},
		"../../content/content-api": {
			"name": "@exo/frontend-content-api",
			"version": "1.0.0",
			"extraneous": true,
			"license": "Licensed Materials - Property of IBM. 694906H. (c) Copyright IBM Corp. 2020 All Rights Reserved. US Government Users Restricted Rights - Use, duplication or disclosure restricted by GSA ADP Schedule Contract with IBM Corp.",
			"dependencies": {
				"@exo/frontend-common-app-shell": "^1.0.0",
				"@exo/frontend-common-provider": "^1.0.0",
				"@exo/frontend-content-api-types": "^1.0.0"
			},
			"devDependencies": {
				"@exo/frontend-common-root-exec": "^1.0.0"
			}
		},
		"../../content/content-api-types": {
			"name": "@exo/frontend-content-api-types",
			"version": "1.0.0",
			"extraneous": true,
			"license": "Licensed Materials - Property of IBM. 694906H. (c) Copyright IBM Corp. 2020 All Rights Reserved. US Government Users Restricted Rights - Use, duplication or disclosure restricted by GSA ADP Schedule Contract with IBM Corp.",
			"dependencies": {
				"@exo/frontend-common-app-shell": "^1.0.0",
				"@exo/frontend-common-provider": "^1.0.0"
			},
			"devDependencies": {
				"@exo/frontend-common-root-exec": "^1.0.0"
			}
		},
		"../../events/events-logic": {
			"name": "@exo/frontend-features-events-logic",
			"version": "1.0.0",
			"extraneous": true,
			"license": "Licensed Materials - Property of IBM. 694906H. (c) Copyright IBM Corp. 2020 All Rights Reserved. US Government Users Restricted Rights - Use, duplication or disclosure restricted by GSA ADP Schedule Contract with IBM Corp.",
			"dependencies": {
				"@exo/frontend-common-app-shell": "^1.0.0",
				"@exo/frontend-common-provider": "^1.0.0",
				"@exo/frontend-features-events-provider-console": "^1.0.0",
				"@exo/frontend-features-events-provider-custom-dom-events": "^1.0.0",
				"@exo/frontend-features-events-provider-mqtt": "^1.0.0",
				"@exo/frontend-features-events-types": "^1.0.0"
			},
			"devDependencies": {
				"@exo/frontend-common-root-exec": "^1.0.0"
			}
		},
		"../../events/events-provider-console": {
			"name": "@exo/frontend-features-events-provider-console",
			"version": "1.0.0",
			"extraneous": true,
			"license": "Licensed Materials - Property of IBM. 694906H. (c) Copyright IBM Corp. 2020 All Rights Reserved. US Government Users Restricted Rights - Use, duplication or disclosure restricted by GSA ADP Schedule Contract with IBM Corp.",
			"dependencies": {
				"@exo/frontend-common-provider": "^1.0.0",
				"@exo/frontend-features-events-types": "^1.0.0"
			},
			"devDependencies": {
				"@exo/frontend-common-root-exec": "^1.0.0"
			}
		},
		"../../events/events-provider-custom-dom-events": {
			"name": "@exo/frontend-features-events-provider-custom-dom-events",
			"version": "1.0.0",
			"extraneous": true,
			"license": "Licensed Materials - Property of IBM. 694906H. (c) Copyright IBM Corp. 2020 All Rights Reserved. US Government Users Restricted Rights - Use, duplication or disclosure restricted by GSA ADP Schedule Contract with IBM Corp.",
			"dependencies": {
				"@exo/frontend-common-provider": "^1.0.0",
				"@exo/frontend-features-events-types": "^1.0.0"
			},
			"devDependencies": {
				"@exo/frontend-common-root-exec": "^1.0.0"
			}
		},
		"../../events/events-provider-mqtt": {
			"name": "@exo/frontend-features-events-provider-mqtt",
			"version": "1.0.0",
			"extraneous": true,
			"license": "Licensed Materials - Property of IBM. 694906H. (c) Copyright IBM Corp. 2020 All Rights Reserved. US Government Users Restricted Rights - Use, duplication or disclosure restricted by GSA ADP Schedule Contract with IBM Corp.",
			"dependencies": {
				"@exo/frontend-common-provider": "^1.0.0",
				"@exo/frontend-common-session-context": "^1.0.0",
				"@exo/frontend-features-events-types": "^1.0.0",
				"bufferutil": "^4.0.1",
				"mqtt-react-hooks": "^2.0.0",
				"utf-8-validate": "^5.0.2"
			},
			"devDependencies": {
				"@exo/frontend-common-root-exec": "^1.0.0"
			}
		},
		"../../events/events-types": {
			"name": "@exo/frontend-features-events-types",
			"version": "1.0.0",
			"extraneous": true,
			"license": "Licensed Materials - Property of IBM. 694906H. (c) Copyright IBM Corp. 2020 All Rights Reserved. US Government Users Restricted Rights - Use, duplication or disclosure restricted by GSA ADP Schedule Contract with IBM Corp.",
			"dependencies": {
				"@exo/frontend-common-provider": "^1.0.0"
			},
			"devDependencies": {
				"@exo/frontend-common-root-exec": "^1.0.0"
			}
		},
		"../../wishlist/wishlist-logic": {
			"name": "@exo/frontend-features-wishlist-logic",
			"version": "1.0.0",
			"extraneous": true,
			"license": "Licensed Materials - Property of IBM. 694906H. (c) Copyright IBM Corp. 2020 All Rights Reserved. US Government Users Restricted Rights - Use, duplication or disclosure restricted by GSA ADP Schedule Contract with IBM Corp.",
			"dependencies": {
				"@exo/frontend-common-apollo": "^1.0.0",
				"@exo/frontend-common-i18n": "^1.0.0",
				"@exo/frontend-common-notification": "^1.0.0",
				"@exo/frontend-common-session-context": "^1.0.0",
				"@exo/frontend-common-utils": "^1.0.0",
				"@exo/frontend-features-account-profile-logic": "^1.0.0",
				"@exo/frontend-features-cart-logic": "^1.0.0"
			},
			"devDependencies": {
				"@exo/frontend-common-root-exec": "^1.0.0"
			}
		},
		"node_modules/@carbon/icon-helpers": {
			"version": "10.32.0",
			"resolved": "https://registry.npmjs.org/@carbon/icon-helpers/-/icon-helpers-10.32.0.tgz",
			"integrity": "sha512-t5kAnx0STZhUo6F0cLnnecKHYg2I7w84i53XiKZz3FGqiEZLFMpljKnQDe6/I7VNwzgBq0PN1dlDhZ8qqKXj5Q=="
		},
		"node_modules/@carbon/icons-react": {
			"version": "11.7.0",
			"resolved": "https://registry.npmjs.org/@carbon/icons-react/-/icons-react-11.7.0.tgz",
			"integrity": "sha512-bSYatbW+xEx5e2QZ0WFgbVXrVgfRQpiYk3p/X+c007zcboxsG/3eq/GU6GEliFlQWZ02z0f0tUOG3sdD5jHurQ==",
			"hasInstallScript": true,
			"dependencies": {
				"@carbon/icon-helpers": "^10.32.0",
				"@carbon/telemetry": "0.1.0",
				"prop-types": "^15.7.2"
			},
			"peerDependencies": {
				"react": ">=16"
			}
		},
		"node_modules/@carbon/telemetry": {
			"version": "0.1.0",
			"resolved": "https://registry.npmjs.org/@carbon/telemetry/-/telemetry-0.1.0.tgz",
			"integrity": "sha512-kNWt0bkgPwGW0i5h7HFuljbKRXPvIhsKbB+1tEURAYLXoJg9iJLF1eGvWN5iVoFCS2zje4GR3OGOsvvKVe7Hlg==",
			"bin": {
				"carbon-telemetry": "bin/carbon-telemetry.js"
			}
		},
		"node_modules/js-tokens": {
			"version": "4.0.0",
			"resolved": "https://registry.npmjs.org/js-tokens/-/js-tokens-4.0.0.tgz",
			"integrity": "sha512-RdJUflcE3cUzKiMqQgsCu06FPu9UdIJO0beYbPhHN4k6apgJtifcoCtT9bcxOpYBtpD2kCM6Sbzg4CausW/PKQ=="
		},
		"node_modules/loose-envify": {
			"version": "1.4.0",
			"resolved": "https://registry.npmjs.org/loose-envify/-/loose-envify-1.4.0.tgz",
			"integrity": "sha512-lyuxPGr/Wfhrlem2CL/UcnUc1zcqKAImBDzukY7Y5F/yQiNdko6+fRLevlw1HgMySw7f611UIY408EtxRSoK3Q==",
			"dependencies": {
				"js-tokens": "^3.0.0 || ^4.0.0"
			},
			"bin": {
				"loose-envify": "cli.js"
			}
		},
		"node_modules/object-assign": {
			"version": "4.1.1",
			"resolved": "https://registry.npmjs.org/object-assign/-/object-assign-4.1.1.tgz",
			"integrity": "sha512-rJgTQnkUnH1sFw8yT6VSU3zD3sWmu6sZhIseY8VX+GRu3P6F7Fu+JNDoXfklElbLJSnc3FUQHVe4cU5hj+BcUg==",
			"engines": {
				"node": ">=0.10.0"
			}
		},
		"node_modules/prop-types": {
			"version": "15.8.1",
			"resolved": "https://registry.npmjs.org/prop-types/-/prop-types-15.8.1.tgz",
			"integrity": "sha512-oj87CgZICdulUohogVAR7AjlC0327U4el4L6eAvOqCeudMDVU0NThNaV+b9Df4dXgSP1gXMTnPdhfe/2qDH5cg==",
			"dependencies": {
				"loose-envify": "^1.4.0",
				"object-assign": "^4.1.1",
				"react-is": "^16.13.1"
			}
		},
		"node_modules/prop-types/node_modules/react-is": {
			"version": "16.13.1",
			"resolved": "https://registry.npmjs.org/react-is/-/react-is-16.13.1.tgz",
			"integrity": "sha512-24e6ynE2H+OKt4kqsOvNd8kBpV65zoxbA4BVsEOB3ARVWQki/DHzaUoC5KuON/BiccDaCCTZBuOcfZs70kR8bQ=="
		}
	},
	"dependencies": {
		"@carbon/icon-helpers": {
			"version": "10.32.0",
			"resolved": "https://registry.npmjs.org/@carbon/icon-helpers/-/icon-helpers-10.32.0.tgz",
			"integrity": "sha512-t5kAnx0STZhUo6F0cLnnecKHYg2I7w84i53XiKZz3FGqiEZLFMpljKnQDe6/I7VNwzgBq0PN1dlDhZ8qqKXj5Q=="
		},
		"@carbon/icons-react": {
			"version": "11.7.0",
			"resolved": "https://registry.npmjs.org/@carbon/icons-react/-/icons-react-11.7.0.tgz",
			"integrity": "sha512-bSYatbW+xEx5e2QZ0WFgbVXrVgfRQpiYk3p/X+c007zcboxsG/3eq/GU6GEliFlQWZ02z0f0tUOG3sdD5jHurQ==",
			"requires": {
				"@carbon/icon-helpers": "^10.32.0",
				"@carbon/telemetry": "0.1.0",
				"prop-types": "^15.7.2"
			}
		},
		"@carbon/telemetry": {
			"version": "0.1.0",
			"resolved": "https://registry.npmjs.org/@carbon/telemetry/-/telemetry-0.1.0.tgz",
			"integrity": "sha512-kNWt0bkgPwGW0i5h7HFuljbKRXPvIhsKbB+1tEURAYLXoJg9iJLF1eGvWN5iVoFCS2zje4GR3OGOsvvKVe7Hlg=="
		},
		"js-tokens": {
			"version": "4.0.0",
			"resolved": "https://registry.npmjs.org/js-tokens/-/js-tokens-4.0.0.tgz",
			"integrity": "sha512-RdJUflcE3cUzKiMqQgsCu06FPu9UdIJO0beYbPhHN4k6apgJtifcoCtT9bcxOpYBtpD2kCM6Sbzg4CausW/PKQ=="
		},
		"loose-envify": {
			"version": "1.4.0",
			"resolved": "https://registry.npmjs.org/loose-envify/-/loose-envify-1.4.0.tgz",
			"integrity": "sha512-lyuxPGr/Wfhrlem2CL/UcnUc1zcqKAImBDzukY7Y5F/yQiNdko6+fRLevlw1HgMySw7f611UIY408EtxRSoK3Q==",
			"requires": {
				"js-tokens": "^3.0.0 || ^4.0.0"
			}
		},
		"object-assign": {
			"version": "4.1.1",
			"resolved": "https://registry.npmjs.org/object-assign/-/object-assign-4.1.1.tgz",
			"integrity": "sha512-rJgTQnkUnH1sFw8yT6VSU3zD3sWmu6sZhIseY8VX+GRu3P6F7Fu+JNDoXfklElbLJSnc3FUQHVe4cU5hj+BcUg=="
		},
		"prop-types": {
			"version": "15.8.1",
			"resolved": "https://registry.npmjs.org/prop-types/-/prop-types-15.8.1.tgz",
			"integrity": "sha512-oj87CgZICdulUohogVAR7AjlC0327U4el4L6eAvOqCeudMDVU0NThNaV+b9Df4dXgSP1gXMTnPdhfe/2qDH5cg==",
			"requires": {
				"loose-envify": "^1.4.0",
				"object-assign": "^4.1.1",
				"react-is": "^16.13.1"
			},
			"dependencies": {
				"react-is": {
					"version": "16.13.1",
					"resolved": "https://registry.npmjs.org/react-is/-/react-is-16.13.1.tgz",
					"integrity": "sha512-24e6ynE2H+OKt4kqsOvNd8kBpV65zoxbA4BVsEOB3ARVWQki/DHzaUoC5KuON/BiccDaCCTZBuOcfZs70kR8bQ=="
				}
			}
		}
	}
}
